Microsoft Visual Studio Solution File, Format Version 12.00
# Visual Studio Version 17
VisualStudioVersion = 17.5.2.0
MinimumVisualStudioVersion = 10.0.40219.1
Project("{FAE04EC0-301F-11D3-BF4B-00C04F79EFBC}") = "umapukatadotcoza", "umapukatadotcoza.csproj", "{4FD078F7-DF6E-7400-99C8-C1F8E9711C52}"
EndProject
Global
	GlobalSection(SolutionConfigurationPlatforms) = preSolution
		Debug|Any CPU = Debug|Any CPU
		Release|Any CPU = Release|Any CPU
	EndGlobalSection
	GlobalSection(ProjectConfigurationPlatforms) = postSolution
		{4FD078F7-DF6E-7400-99C8-C1F8E9711C52}.Debug|Any CPU.ActiveCfg = Debug|Any CPU
		{4FD078F7-DF6E-7400-99C8-C1F8E9711C52}.Debug|Any CPU.Build.0 = Debug|Any CPU
		{4FD078F7-DF6E-7400-99C8-C1F8E9711C52}.Release|Any CPU.ActiveCfg = Release|Any CPU
		{4FD078F7-DF6E-7400-99C8-C1F8E9711C52}.Release|Any CPU.Build.0 = Release|Any CPU
	EndGlobalSection
	GlobalSection(SolutionProperties) = preSolution
		HideSolutionNode = FALSE
	EndGlobalSection
	GlobalSection(ExtensibilityGlobals) = postSolution
		SolutionGuid = {C3C5E39B-8ACB-4D42-B914-B39C67A95014}
	EndGlobalSection
EndGlobal
